// !$*UTF8*$!
{
	archiveVersion = 1;
	classes = {
	};
	objectVersion = 46;
	objects = {

/* Begin PBXBuildFile section */
		04C834991DF6920C0059AD9F /* main.m in Sources */ = {isa = PBXBuildFile; fileRef = 04C834981DF6920C0059AD9F /* main.m */; };
		04C8349C1DF6920C0059AD9F /* AppDelegate.m in Sources */ = {isa = PBXBuildFile; fileRef = 04C8349B1DF6920C0059AD9F /* AppDelegate.m */; };
		04C8349F1DF6920C0059AD9F /* ViewController.m in Sources */ = {isa = PBXBuildFile; fileRef = 04C8349E1DF6920C0059AD9F /* ViewController.m */; };
		04C834A21DF6920C0059AD9F /* Main.storyboard in Resources */ = {isa = PBXBuildFile; fileRef = 04C834A01DF6920C0059AD9F /* Main.storyboard */; };
		04C834A41DF6920C0059AD9F /* Assets.xcassets in Resources */ = {isa = PBXBuildFile; fileRef = 04C834A31DF6920C0059AD9F /* Assets.xcassets */; };
		04C834A71DF6920C0059AD9F /* LaunchScreen.storyboard in Resources */ = {isa = PBXBuildFile; fileRef = 04C834A51DF6920C0059AD9F /* LaunchScreen.storyboard */; };
		04C834B21DF6920C0059AD9F /* GDWidgetTests.m in Sources */ = {isa = PBXBuildFile; fileRef = 04C834B11DF6920C0059AD9F /* GDWidgetTests.m */; };
		04C834BD1DF6920C0059AD9F /* GDWidgetUITests.m in Sources */ = {isa = PBXBuildFile; fileRef = 04C834BC1DF6920C0059AD9F /* GDWidgetUITests.m */; };
		04C834D31DF6969B0059AD9F /* NotificationCenter.framework in Frameworks */ = {isa = PBXBuildFile; fileRef = 04C834D21DF6969B0059AD9F /* NotificationCenter.framework */; };
		04C834D71DF6969B0059AD9F /* TodayViewController.m in Sources */ = {isa = PBXBuildFile; fileRef = 04C834D61DF6969B0059AD9F /* TodayViewController.m */; };
		04C834DE1DF6969B0059AD9F /* GDTodayWidget.appex in Embed App Extensions */ = {isa = PBXBuildFile; fileRef = 04C834D01DF6969B0059AD9F /* GDTodayWidget.appex */; settings = {ATTRIBUTES = (RemoveHeadersOnCopy, ); }; };
/* End PBXBuildFile section */

/* Begin PBXContainerItemProxy section */
		04C834AE1DF6920C0059AD9F /* PBXContainerItemProxy */ = {
			isa = PBXContainerItemProxy;
			containerPortal = 04C8348C1DF6920C0059AD9F /* Project object */;
			proxyType = 1;
			remoteGlobalIDString = 04C834931DF6920C0059AD9F;
			remoteInfo = GDWidget;
		};
		04C834B91DF6920C0059AD9F /* PBXContainerItemProxy */ = {
			isa = PBXContainerItemProxy;
			containerPortal = 04C8348C1DF6920C0059AD9F /* Project object */;
			proxyType = 1;
			remoteGlobalIDString = 04C834931DF6920C0059AD9F;
			remoteInfo = GDWidget;
		};
		04C834DC1DF6969B0059AD9F /* PBXContainerItemProxy */ = {
			isa = PBXContainerItemProxy;
			containerPortal = 04C8348C1DF6920C0059AD9F /* Project object */;
			proxyType = 1;
			remoteGlobalIDString = 04C834CF1DF6969B0059AD9F;
			remoteInfo = GDTodayWidget;
		};
/* End PBXContainerItemProxy section */

/* Begin PBXCopyFilesBuildPhase section */
		04C834E21DF6969B0059AD9F /* Embed App Extensions */ = {
			isa = PBXCopyFilesBuildPhase;
			buildActionMask = 2147483647;
			dstPath = "";
			dstSubfolderSpec = 13;
			files = (
				04C834DE1DF6969B0059AD9F /* GDTodayWidget.appex in Embed App Extensions */,
			);
			name = "Embed App Extensions";
			runOnlyForDeploymentPostprocessing = 0;
		};
/* End PBXCopyFilesBuildPhase section */

/* Begin PBXFileReference section */
		04C834941DF6920C0059AD9F /* GDWidget.app */ = {isa = PBXFileReference; explicitFileType = wrapper.application; includeInIndex = 0; path = GDWidget.app; sourceTree = BUILT_PRODUCTS_DIR; };
		04C834981DF6920C0059AD9F /* main.m */ = {isa = PBXFileReference; lastKnownFileType = sourcecode.c.objc; path = main.m; sourceTree = "<group>"; };
		04C8349A1DF6920C0059AD9F /* AppDelegate.h */ = {isa = PBXFileReference; lastKnownFileType = sourcecode.c.h; path = AppDelegate.h; sourceTree = "<group>"; };
		04C8349B1DF6920C0059AD9F /* AppDelegate.m */ = {isa = PBXFileReference; lastKnownFileType = sourcecode.c.objc; path = AppDelegate.m; sourceTree = "<group>"; };
		04C8349D1DF6920C0059AD9F /* ViewController.h */ = {isa = PBXFileReference; lastKnownFileType = sourcecode.c.h; path = ViewController.h; sourceTree = "<group>"; };
		04C8349E1DF6920C0059AD9F /* ViewController.m */ = {isa = PBXFileReference; lastKnownFileType = sourcecode.c.objc; path = ViewController.m; sourceTree = "<group>"; };
		04C834A11DF6920C0059AD9F /* Base */ = {isa = PBXFileReference; lastKnownFileType = file.storyboard; name = Base; path = Base.lproj/Main.storyboard; sourceTree = "<group>"; };
		04C834A31DF6920C0059AD9F /* Assets.xcassets */ = {isa = PBXFileReference; lastKnownFileType = folder.assetcatalog; path = Assets.xcassets; sourceTree = "<group>"; };
		04C834A61DF6920C0059AD9F /* Base */ = {isa = PBXFileReference; lastKnownFileType = file.storyboard; name = Base; path = Base.lproj/LaunchScreen.storyboard; sourceTree = "<group>"; };
		04C834A81DF6920C0059AD9F /* Info.plist */ = {isa = PBXFileReference; lastKnownFileType = text.plist.xml; path = Info.plist; sourceTree = "<group>"; };
		04C834AD1DF6920C0059AD9F /* GDWidgetTests.xctest */ = {isa = PBXFileReference; explicitFileType = wrapper.cfbundle; includeInIndex = 0; path = GDWidgetTests.xctest; sourceTree = BUILT_PRODUCTS_DIR; };
		04C834B11DF6920C0059AD9F /* GDWidgetTests.m */ = {isa = PBXFileReference; lastKnownFileType = sourcecode.c.objc; path = GDWidgetTests.m; sourceTree = "<group>"; };
		04C834B31DF6920C0059AD9F /* Info.plist */ = {isa = PBXFileReference; lastKnownFileType = text.plist.xml; path = Info.plist; sourceTree = "<group>"; };
		04C834B81DF6920C0059AD9F /* GDWidgetUITests.xctest */ = {isa = PBXFileReference; explicitFileType = wrapper.cfbundle; includeInIndex = 0; path = GDWidgetUITests.xctest; sourceTree = BUILT_PRODUCTS_DIR; };
		04C834BC1DF6920C0059AD9F /* GDWidgetUITests.m */ = {isa = PBXFileReference; lastKnownFileType = sourcecode.c.objc; path = GDWidgetUITests.m; sourceTree = "<group>"; };
		04C834BE1DF6920C0059AD9F /* Info.plist */ = {isa = PBXFileReference; lastKnownFileType = text.plist.xml; path = Info.plist; sourceTree = "<group>"; };
		04C834D01DF6969B0059AD9F /* GDTodayWidget.appex */ = {isa = PBXFileReference; explicitFileType = "wrapper.app-extension"; includeInIndex = 0; path = GDTodayWidget.appex; sourceTree = BUILT_PRODUCTS_DIR; };
		04C834D21DF6969B0059AD9F /* NotificationCenter.framework */ = {isa = PBXFileReference; lastKnownFileType = wrapper.framework; name = NotificationCenter.framework; path = System/Library/Frameworks/NotificationCenter.framework; sourceTree = SDKROOT; };
		04C834D51DF6969B0059AD9F /* TodayViewController.h */ = {isa = PBXFileReference; lastKnownFileType = sourcecode.c.h; path = TodayViewController.h; sourceTree = "<group>"; };
		04C834D61DF6969B0059AD9F /* TodayViewController.m */ = {isa = PBXFileReference; lastKnownFileType = sourcecode.c.objc; path = TodayViewController.m; sourceTree = "<group>"; };
		04C834DB1DF6969B0059AD9F /* Info.plist */ = {isa = PBXFileReference; lastKnownFileType = text.plist.xml; path = Info.plist; sourceTree = "<group>"; };
		04C834E31DF697B70059AD9F /* GDTodayWidget.entitlements */ = {isa = PBXFileReference; lastKnownFileType = text.plist.entitlements; path = GDTodayWidget.entitlements; sourceTree = "<group>"; };
		04C834E41DF697CD0059AD9F /* GDWidget.entitlements */ = {isa = PBXFileReference; lastKnownFileType = text.plist.entitlements; path = GDWidget.entitlements; sourceTree = "<group>"; };
/* End PBXFileReference section */

/* Begin PBXFrameworksBuildPhase section */
		04C834911DF6920C0059AD9F /* Frameworks */ = {
			isa = PBXFrameworksBuildPhase;
			buildActionMask = 2147483647;
			files = (
			);
			runOnlyForDeploymentPostprocessing = 0;
		};
		04C834AA1DF6920C0059AD9F /* Frameworks */ = {
			isa = PBXFrameworksBuildPhase;
			buildActionMask = 2147483647;
			files = (
			);
			runOnlyForDeploymentPostprocessing = 0;
		};
		04C834B51DF6920C0059AD9F /* Frameworks */ = {
			isa = PBXFrameworksBuildPhase;
			buildActionMask = 2147483647;
			files = (
			);
			runOnlyForDeploymentPostprocessing = 0;
		};
		04C834CD1DF6969B0059AD9F /* Frameworks */ = {
			isa = PBXFrameworksBuildPhase;
			buildActionMask = 2147483647;
			files = (
				04C834D31DF6969B0059AD9F /* NotificationCenter.framework in Frameworks */,
			);
			runOnlyForDeploymentPostprocessing = 0;
		};
/* End PBXFrameworksBuildPhase section */

/* Begin PBXGroup section */
		04C8348B1DF6920C0059AD9F = {
			isa = PBXGroup;
			children = (
				04C834961DF6920C0059AD9F /* GDWidget */,
				04C834B01DF6920C0059AD9F /* GDWidgetTests */,
				04C834BB1DF6920C0059AD9F /* GDWidgetUITests */,
				04C834D41DF6969B0059AD9F /* GDTodayWidget */,
				04C834D11DF6969B0059AD9F /* Frameworks */,
				04C834951DF6920C0059AD9F /* Products */,
			);
			sourceTree = "<group>";
		};
		04C834951DF6920C0059AD9F /* Products */ = {
			isa = PBXGroup;
			children = (
				04C834941DF6920C0059AD9F /* GDWidget.app */,
				04C834AD1DF6920C0059AD9F /* GDWidgetTests.xctest */,
				04C834B81DF6920C0059AD9F /* GDWidgetUITests.xctest */,
				04C834D01DF6969B0059AD9F /* GDTodayWidget.appex */,
			);
			name = Products;
			sourceTree = "<group>";
		};
		04C834961DF6920C0059AD9F /* GDWidget */ = {
			isa = PBXGroup;
			children = (
				04C834E41DF697CD0059AD9F /* GDWidget.entitlements */,
				04C8349A1DF6920C0059AD9F /* AppDelegate.h */,
				04C8349B1DF6920C0059AD9F /* AppDelegate.m */,
				04C8349D1DF6920C0059AD9F /* ViewController.h */,
				04C8349E1DF6920C0059AD9F /* ViewController.m */,
				04C834A01DF6920C0059AD9F /* Main.storyboard */,
				04C834A31DF6920C0059AD9F /* Assets.xcassets */,
				04C834A51DF6920C0059AD9F /* LaunchScreen.storyboard */,
				04C834A81DF6920C0059AD9F /* Info.plist */,
				04C834971DF6920C0059AD9F /* Supporting Files */,
			);
			path = GDWidget;
			sourceTree = "<group>";
		};
		04C834971DF6920C0059AD9F /* Supporting Files */ = {
			isa = PBXGroup;
			children = (
				04C834981DF6920C0059AD9F /* main.m */,
			);
			name = "Supporting Files";
			sourceTree = "<group>";
		};
		04C834B01DF6920C0059AD9F /* GDWidgetTests */ = {
			isa = PBXGroup;
			children = (
				04C834B11DF6920C0059AD9F /* GDWidgetTests.m */,
				04C834B31DF6920C0059AD9F /* Info.plist */,
			);
			path = GDWidgetTests;
			sourceTree = "<group>";
		};
		04C834BB1DF6920C0059AD9F /* GDWidgetUITests */ = {
			isa = PBXGroup;
			children = (
				04C834BC1DF6920C0059AD9F /* GDWidgetUITests.m */,
				04C834BE1DF6920C0059AD9F /* Info.plist */,
			);
			path = GDWidgetUITests;
			sourceTree = "<group>";
		};
		04C834D11DF6969B0059AD9F /* Frameworks */ = {
			isa = PBXGroup;
			children = (
				04C834D21DF6969B0059AD9F /* NotificationCenter.framework */,
			);
			name = Frameworks;
			sourceTree = "<group>";
		};
		04C834D41DF6969B0059AD9F /* GDTodayWidget */ = {
			isa = PBXGroup;
			children = (
				04C834E31DF697B70059AD9F /* GDTodayWidget.entitlements */,
				04C834D51DF6969B0059AD9F /* TodayViewController.h */,
				04C834D61DF6969B0059AD9F /* TodayViewController.m */,
				04C834DB1DF6969B0059AD9F /* Info.plist */,
			);
			path = GDTodayWidget;
			sourceTree = "<group>";
		};
/* End PBXGroup section */

/* Begin PBXNativeTarget section */
		04C834931DF6920C0059AD9F /* GDWidget */ = {
			isa = PBXNativeTarget;
			buildConfigurationList = 04C834C11DF6920C0059AD9F /* Build configuration list for PBXNativeTarget "GDWidget" */;
			buildPhases = (
				04C834901DF6920C0059AD9F /* Sources */,
				04C834911DF6920C0059AD9F /* Frameworks */,
				04C834921DF6920C0059AD9F /* Resources */,
				04C834E21DF6969B0059AD9F /* Embed App Extensions */,
			);
			buildRules = (
			);
			dependencies = (
				04C834DD1DF6969B0059AD9F /* PBXTargetDependency */,
			);
			name = GDWidget;
			productName = GDWidget;
			productReference = 04C834941DF6920C0059AD9F /* GDWidget.app */;
			productType = "com.apple.product-type.application";
		};
		04C834AC1DF6920C0059AD9F /* GDWidgetTests */ = {
			isa = PBXNativeTarget;
			buildConfigurationList = 04C834C41DF6920C0059AD9F /* Build configuration list for PBXNativeTarget "GDWidgetTests" */;
			buildPhases = (
				04C834A91DF6920C0059AD9F /* Sources */,
				04C834AA1DF6920C0059AD9F /* Frameworks */,
				04C834AB1DF6920C0059AD9F /* Resources */,
			);
			buildRules = (
			);
			dependencies = (
				04C834AF1DF6920C0059AD9F /* PBXTargetDependency */,
			);
			name = GDWidgetTests;
			productName = GDWidgetTests;
			productReference = 04C834AD1DF6920C0059AD9F /* GDWidgetTests.xctest */;
			productType = "com.apple.product-type.bundle.unit-test";
		};
		04C834B71DF6920C0059AD9F /* GDWidgetUITests */ = {
			isa = PBXNativeTarget;
			buildConfigurationList = 04C834C71DF6920C0059AD9F /* Build configuration list for PBXNativeTarget "GDWidgetUITests" */;
			buildPhases = (
				04C834B41DF6920C0059AD9F /* Sources */,
				04C834B51DF6920C0059AD9F /* Frameworks */,
				04C834B61DF6920C0059AD9F /* Resources */,
			);
			buildRules = (
			);
			dependencies = (
				04C834BA1DF6920C0059AD9F /* PBXTargetDependency */,
			);
			name = GDWidgetUITests;
			productName = GDWidgetUITests;
			productReference = 04C834B81DF6920C0059AD9F /* GDWidgetUITests.xctest */;
			productType = "com.apple.product-type.bundle.ui-testing";
		};
		04C834CF1DF6969B0059AD9F /* GDTodayWidget */ = {
			isa = PBXNativeTarget;
			buildConfigurationList = 04C834DF1DF6969B0059AD9F /* Build configuration list for PBXNativeTarget "GDTodayWidget" */;
			buildPhases = (
				04C834CC1DF6969B0059AD9F /* Sources */,
				04C834CD1DF6969B0059AD9F /* Frameworks */,
				04C834CE1DF6969B0059AD9F /* Resources */,
			);
			buildRules = (
			);
			dependencies = (
			);
			name = GDTodayWidget;
			productName = GDTodayWidget;
			productReference = 04C834D01DF6969B0059AD9F /* GDTodayWidget.appex */;
			productType = "com.apple.product-type.app-extension";
		};
/* End PBXNativeTarget section */

/* Begin PBXProject section */
		04C8348C1DF6920C0059AD9F /* Project object */ = {
			isa = PBXProject;
			attributes = {
				LastUpgradeCheck = 0800;
				ORGANIZATIONNAME = Guoda;
				TargetAttributes = {
					04C834931DF6920C0059AD9F = {
						CreatedOnToolsVersion = 8.0;
						DevelopmentTeam = MCA22CRP8N;
						ProvisioningStyle = Automatic;
						SystemCapabilities = {
							com.apple.ApplicationGroups.iOS = {
								enabled = 1;
							};
						};
					};
					04C834AC1DF6920C0059AD9F = {
						CreatedOnToolsVersion = 8.0;
						DevelopmentTeam = MCA22CRP8N;
						ProvisioningStyle = Automatic;
						TestTargetID = 04C834931DF6920C0059AD9F;
					};
					04C834B71DF6920C0059AD9F = {
						CreatedOnToolsVersion = 8.0;
						DevelopmentTeam = MCA22CRP8N;
						ProvisioningStyle = Automatic;
						TestTargetID = 04C834931DF6920C0059AD9F;
					};
					04C834CF1DF6969B0059AD9F = {
						CreatedOnToolsVersion = 8.0;
						DevelopmentTeam = MCA22CRP8N;
						ProvisioningStyle = Automatic;
						SystemCapabilities = {
							com.apple.ApplicationGroups.iOS = {
								enabled = 1;
							};
						};
					};
				};
			};
			buildConfigurationList = 04C8348F1DF6920C0059AD9F /* Build configuration list for PBXProject "GDWidget" */;
			compatibilityVersion = "Xcode 3.2";
			developmentRegion = English;
			hasScannedForEncodings = 0;
			knownRegions = (
				en,
				Base,
			);
			mainGroup = 04C8348B1DF6920C0059AD9F;
			productRefGroup = 04C834951DF6920C0059AD9F /* Products */;
			projectDirPath = "";
			projectRoot = "";
			targets = (
				04C834931DF6920C0059AD9F /* GDWidget */,
				04C834AC1DF6920C0059AD9F /* GDWidgetTests */,
				04C834B71DF6920C0059AD9F /* GDWidgetUITests */,
				04C834CF1DF6969B0059AD9F /* GDTodayWidget */,
			);
		};
/* End PBXProject section */

/* Begin PBXResourcesBuildPhase section */
		04C834921DF6920C0059AD9F /* Resources */ = {
			isa = PBXResourcesBuildPhase;
			buildActionMask = 2147483647;
			files = (
				04C834A71DF6920C0059AD9F /* LaunchScreen.storyboard in Resources */,
				04C834A41DF6920C0059AD9F /* Assets.xcassets in Resources */,
				04C834A21DF6920C0059AD9F /* Main.storyboard in Resources */,
			);
			runOnlyForDeploymentPostprocessing = 0;
		};
		04C834AB1DF6920C0059AD9F /* Resources */ = {
			isa = PBXResourcesBuildPhase;
			buildActionMask = 2147483647;
			files = (
			);
			runOnlyForDeploymentPostprocessing = 0;
		};
		04C834B61DF6920C0059AD9F /* Resources */ = {
			isa = PBXResourcesBuildPhase;
			buildActionMask = 2147483647;
			files = (
			);
			runOnlyForDeploymentPostprocessing = 0;
		};
		04C834CE1DF6969B0059AD9F /* Resources */ = {
			isa = PBXResourcesBuildPhase;
			buildActionMask = 2147483647;
			files = (
			);
			runOnlyForDeploymentPostprocessing = 0;
		};
/* End PBXResourcesBuildPhase section */

/* Begin PBXSourcesBuildPhase section */
		04C834901DF6920C0059AD9F /* Sources */ = {
			isa = PBXSourcesBuildPhase;
			buildActionMask = 2147483647;
			files = (
				04C8349F1DF6920C0059AD9F /* ViewController.m in Sources */,
				04C8349C1DF6920C0059AD9F /* AppDelegate.m in Sources */,
				04C834991DF6920C0059AD9F /* main.m in Sources */,
			);
			runOnlyForDeploymentPostprocessing = 0;
		};
		04C834A91DF6920C0059AD9F /* Sources */ = {
			isa = PBXSourcesBuildPhase;
			buildActionMask = 2147483647;
			files = (
				04C834B21DF6920C0059AD9F /* GDWidgetTests.m in Sources */,
			);
			runOnlyForDeploymentPostprocessing = 0;
		};
		04C834B41DF6920C0059AD9F /* Sources */ = {
			isa = PBXSourcesBuildPhase;
			buildActionMask = 2147483647;
			files = (
				04C834BD1DF6920C0059AD9F /* GDWidgetUITests.m in Sources */,
			);
			runOnlyForDeploymentPostprocessing = 0;
		};
		04C834CC1DF6969B0059AD9F /* Sources */ = {
			isa = PBXSourcesBuildPhase;
			buildActionMask = 2147483647;
			files = (
				04C834D71DF6969B0059AD9F /* TodayViewController.m in Sources */,
			);
			runOnlyForDeploymentPostprocessing = 0;
		};
/* End PBXSourcesBuildPhase section */

/* Begin PBXTargetDependency section */
		04C834AF1DF6920C0059AD9F /* PBXTargetDependency */ = {
			isa = PBXTargetDependency;
			target = 04C834931DF6920C0059AD9F /* GDWidget */;
			targetProxy = 04C834AE1DF6920C0059AD9F /* PBXContainerItemProxy */;
		};
		04C834BA1DF6920C0059AD9F /* PBXTargetDependency */ = {
			isa = PBXTargetDependency;
			target = 04C834931DF6920C0059AD9F /* GDWidget */;
			targetProxy = 04C834B91DF6920C0059AD9F /* PBXContainerItemProxy */;
		};
		04C834DD1DF6969B0059AD9F /* PBXTargetDependency */ = {
			isa = PBXTargetDependency;
			target = 04C834CF1DF6969B0059AD9F /* GDTodayWidget */;
			targetProxy = 04C834DC1DF6969B0059AD9F /* PBXContainerItemProxy */;
		};
/* End PBXTargetDependency section */

/* Begin PBXVariantGroup section */
		04C834A01DF6920C0059AD9F /* Main.storyboard */ = {
			isa = PBXVariantGroup;
			children = (
				04C834A11DF6920C0059AD9F /* Base */,
			);
			name = Main.storyboard;
			sourceTree = "<group>";
		};
		04C834A51DF6920C0059AD9F /* LaunchScreen.storyboard */ = {
			isa = PBXVariantGroup;
			children = (
				04C834A61DF6920C0059AD9F /* Base */,
			);
			name = LaunchScreen.storyboard;
			sourceTree = "<group>";
		};
/* End PBXVariantGroup section */

/* Begin XCBuildConfiguration section */
		04C834BF1DF6920C0059AD9F /* Debug */ = {
			isa = XCBuildConfiguration;
			buildSettings = {
				ALWAYS_SEARCH_USER_PATHS = NO;
				CLANG_ANALYZER_NONNULL = YES;
				CLANG_CXX_LANGUAGE_STANDARD = "gnu++0x";
				CLANG_CXX_LIBRARY = "libc++";
				CLANG_ENABLE_MODULES = YES;
				CLANG_ENABLE_OBJC_ARC = YES;
				CLANG_WARN_BOOL_CONVERSION = YES;
				CLANG_WARN_CONSTANT_CONVERSION = YES;
				CLANG_WARN_DIRECT_OBJC_ISA_USAGE = YES_ERROR;
				CLANG_WARN_DOCUMENTATION_COMMENTS = YES;
				CLANG_WARN_EMPTY_BODY = YES;
				CLANG_WARN_ENUM_CONVERSION = YES;
				CLANG_WARN_INFINITE_RECURSION = YES;
				CLANG_WARN_INT_CONVERSION = YES;
				CLANG_WARN_OBJC_ROOT_CLASS = YES_ERROR;
				CLANG_WARN_SUSPICIOUS_MOVE = YES;
				CLANG_WARN_SUSPICIOUS_MOVES = YES;
				CLANG_WARN_UNREACHABLE_CODE = YES;
				CLANG_WARN__DUPLICATE_METHOD_MATCH = YES;
				"CODE_SIGN_IDENTITY[sdk=iphoneos*]" = "iPhone Developer";
				COPY_PHASE_STRIP = NO;
				DEBUG_INFORMATION_FORMAT = dwarf;
				ENABLE_STRICT_OBJC_MSGSEND = YES;
				ENABLE_TESTABILITY = YES;
				GCC_C_LANGUAGE_STANDARD = gnu99;
				GCC_DYNAMIC_NO_PIC = NO;
				GCC_NO_COMMON_BLOCKS = YES;
				GCC_OPTIMIZATION_LEVEL = 0;
				GCC_PREPROCESSOR_DEFINITIONS = (
					"DEBUG=1",
					"$(inherited)",
				);
				GCC_WARN_64_TO_32_BIT_CONVERSION = YES;
				GCC_WARN_ABOUT_RETURN_TYPE = YES_ERROR;
				GCC_WARN_UNDECLARED_SELECTOR = YES;
				GCC_WARN_UNINITIALIZED_AUTOS = YES_AGGRESSIVE;
				GCC_WARN_UNUSED_FUNCTION = YES;
				GCC_WARN_UNUSED_VARIABLE = YES;
				IPHONEOS_DEPLOYMENT_TARGET = 10.0;
				MTL_ENABLE_DEBUG_INFO = YES;
				ONLY_ACTIVE_ARCH = YES;
				SDKROOT = iphoneos;
			};
			name = Debug;
		};
		04C834C01DF6920C0059AD9F /* Release */ = {
			isa = XCBuildConfiguration;
			buildSettings = {
				ALWAYS_SEARCH_USER_PATHS = NO;
				CLANG_ANALYZER_NONNULL = YES;
				CLANG_CXX_LANGUAGE_STANDARD = "gnu++0x";
				CLANG_CXX_LIBRARY = "libc++";
				CLANG_ENABLE_MODULES = YES;
				CLANG_ENABLE_OBJC_ARC = YES;
				CLANG_WARN_BOOL_CONVERSION = YES;
				CLANG_WARN_CONSTANT_CONVERSION = YES;
				CLANG_WARN_DIRECT_OBJC_ISA_USAGE = YES_ERROR;
				CLANG_WARN_DOCUMENTATION_COMMENTS = YES;
				CLANG_WARN_EMPTY_BODY = YES;
				CLANG_WARN_ENUM_CONVERSION = YES;
				CLANG_WARN_INFINITE_RECURSION = YES;
				CLANG_WARN_INT_CONVERSION = YES;
				CLANG_WARN_OBJC_ROOT_CLASS = YES_ERROR;
				CLANG_WARN_SUSPICIOUS_MOVE = YES;
				CLANG_WARN_SUSPICIOUS_MOVES = YES;
				CLANG_WARN_UNREACHABLE_CODE = YES;
				CLANG_WARN__DUPLICATE_METHOD_MATCH = YES;
				"CODE_SIGN_IDENTITY[sdk=iphoneos*]" = "iPhone Developer";
				COPY_PHASE_STRIP = NO;
				DEBUG_INFORMATION_FORMAT = "dwarf-with-dsym";
				ENABLE_NS_ASSERTIONS = NO;
				ENABLE_STRICT_OBJC_MSGSEND = YES;
				GCC_C_LANGUAGE_STANDARD = gnu99;
				GCC_NO_COMMON_BLOCKS = YES;
				GCC_WARN_64_TO_32_BIT_CONVERSION = YES;
				GCC_WARN_ABOUT_RETURN_TYPE = YES_ERROR;
				GCC_WARN_UNDECLARED_SELECTOR = YES;
				GCC_WARN_UNINITIALIZED_AUTOS = YES_AGGRESSIVE;
				GCC_WARN_UNUSED_FUNCTION = YES;
				GCC_WARN_UNUSED_VARIABLE = YES;
				IPHONEOS_DEPLOYMENT_TARGET = 10.0;
				MTL_ENABLE_DEBUG_INFO = NO;
				SDKROOT = iphoneos;
				VALIDATE_PRODUCT = YES;
			};
			name = Release;
		};
		04C834C21DF6920C0059AD9F /* Debug */ = {
			isa = XCBuildConfiguration;
			buildSettings = {
				ASSETCATALOG_COMPILER_APPICON_NAME = AppIcon;
				CODE_SIGN_ENTITLEMENTS = GDWidget/GDWidget.entitlements;
				DEVELOPMENT_TEAM = MCA22CRP8N;
				INFOPLIST_FILE = GDWidget/Info.plist;
				IPHONEOS_DEPLOYMENT_TARGET = 8.0;
				LD_RUNPATH_SEARCH_PATHS = "$(inherited) @executable_path/Frameworks";
				PRODUCT_BUNDLE_IDENTIFIER = com.chaui.cn.GDWidget;
				PRODUCT_NAME = "$(TARGET_NAME)";
			};
			name = Debug;
		};
		04C834C31DF6920C0059AD9F /* Release */ = {
			isa = XCBuildConfiguration;
			buildSettings = {
				ASSETCATALOG_COMPILER_APPICON_NAME = AppIcon;
				CODE_SIGN_ENTITLEMENTS = GDWidget/GDWidget.entitlements;
				DEVELOPMENT_TEAM = MCA22CRP8N;
				INFOPLIST_FILE = GDWidget/Info.plist;
				IPHONEOS_DEPLOYMENT_TARGET = 8.0;
				LD_RUNPATH_SEARCH_PATHS = "$(inherited) @executable_path/Frameworks";
				PRODUCT_BUNDLE_IDENTIFIER = com.chaui.cn.GDWidget;
				PRODUCT_NAME = "$(TARGET_NAME)";
			};
			name = Release;
		};
		04C834C51DF6920C0059AD9F /* Debug */ = {
			isa = XCBuildConfiguration;
			buildSettings = {
				BUNDLE_LOADER = "$(TEST_HOST)";
				DEVELOPMENT_TEAM = MCA22CRP8N;
				INFOPLIST_FILE = GDWidgetTests/Info.plist;
				LD_RUNPATH_SEARCH_PATHS = "$(inherited) @executable_path/Frameworks @loader_path/Frameworks";
				PRODUCT_BUNDLE_IDENTIFIER = com.chaui.cn.GDWidgetTests;
				PRODUCT_NAME = "$(TARGET_NAME)";
				TEST_HOST = "$(BUILT_PRODUCTS_DIR)/GDWidget.app/GDWidget";
			};
			name = Debug;
		};
		04C834C61DF6920C0059AD9F /* Release */ = {
			isa = XCBuildConfiguration;
			buildSettings = {
				BUNDLE_LOADER = "$(TEST_HOST)";
				DEVELOPMENT_TEAM = MCA22CRP8N;
				INFOPLIST_FILE = GDWidgetTests/Info.plist;
				LD_RUNPATH_SEARCH_PATHS = "$(inherited) @executable_path/Frameworks @loader_path/Frameworks";
				PRODUCT_BUNDLE_IDENTIFIER = com.chaui.cn.GDWidgetTests;
				PRODUCT_NAME = "$(TARGET_NAME)";
				TEST_HOST = "$(BUILT_PRODUCTS_DIR)/GDWidget.app/GDWidget";
			};
			name = Release;
		};
		04C834C81DF6920C0059AD9F /* Debug */ = {
			isa = XCBuildConfiguration;
			buildSettings = {
				DEVELOPMENT_TEAM = MCA22CRP8N;
				INFOPLIST_FILE = GDWidgetUITests/Info.plist;
				LD_RUNPATH_SEARCH_PATHS = "$(inherited) @executable_path/Frameworks @loader_path/Frameworks";
				PRODUCT_BUNDLE_IDENTIFIER = com.chaui.cn.GDWidgetUITests;
				PRODUCT_NAME = "$(TARGET_NAME)";
				TEST_TARGET_NAME = GDWidget;
			};
			name = Debug;
		};
		04C834C91DF6920C0059AD9F /* Release */ = {
			isa = XCBuildConfiguration;
			buildSettings = {
				DEVELOPMENT_TEAM = MCA22CRP8N;
				INFOPLIST_FILE = GDWidgetUITests/Info.plist;
				LD_RUNPATH_SEARCH_PATHS = "$(inherited) @executable_path/Frameworks @loader_path/Frameworks";
				PRODUCT_BUNDLE_IDENTIFIER = com.chaui.cn.GDWidgetUITests;
				PRODUCT_NAME = "$(TARGET_NAME)";
				TEST_TARGET_NAME = GDWidget;
			};
			name = Release;
		};
		04C834E01DF6969B0059AD9F /* Debug */ = {
			isa = XCBuildConfiguration;
			buildSettings = {
				CODE_SIGN_ENTITLEMENTS = GDTodayWidget/GDTodayWidget.entitlements;
				DEVELOPMENT_TEAM = MCA22CRP8N;
				INFOPLIST_FILE = GDTodayWidget/Info.plist;
				IPHONEOS_DEPLOYMENT_TARGET = 8.0;
				LD_RUNPATH_SEARCH_PATHS = "$(inherited) @executable_path/Frameworks @executable_path/../../Frameworks";
				PRODUCT_BUNDLE_IDENTIFIER = com.chaui.cn.GDWidget.GDTodayWidget;
				PRODUCT_NAME = "$(TARGET_NAME)";
				SKIP_INSTALL = YES;
			};
			name = Debug;
		};
		04C834E11DF6969B0059AD9F /* Release */ = {
			isa = XCBuildConfiguration;
			buildSettings = {
				CODE_SIGN_ENTITLEMENTS = GDTodayWidget/GDTodayWidget.entitlements;
				DEVELOPMENT_TEAM = MCA22CRP8N;
				INFOPLIST_FILE = GDTodayWidget/Info.plist;
				IPHONEOS_DEPLOYMENT_TARGET = 8.0;
				LD_RUNPATH_SEARCH_PATHS = "$(inherited) @executable_path/Frameworks @executable_path/../../Frameworks";
				PRODUCT_BUNDLE_IDENTIFIER = com.chaui.cn.GDWidget.GDTodayWidget;
				PRODUCT_NAME = "$(TARGET_NAME)";
				SKIP_INSTALL = YES;
			};
			name = Release;
		};
/* End XCBuildConfiguration section */

/* Begin XCConfigurationList section */
		04C8348F1DF6920C0059AD9F /* Build configuration list for PBXProject "GDWidget" */ = {
			isa = XCConfigurationList;
			buildConfigurations = (
				04C834BF1DF6920C0059AD9F /* Debug */,
				04C834C01DF6920C0059AD9F /* Release */,
			);
			defaultConfigurationIsVisible = 0;
			defaultConfigurationName = Release;
		};
		04C834C11DF6920C0059AD9F /* Build configuration list for PBXNativeTarget "GDWidget" */ = {
			isa = XCConfigurationList;
			buildConfigurations = (
				04C834C21DF6920C0059AD9F /* Debug */,
				04C834C31DF6920C0059AD9F /* Release */,
			);
			defaultConfigurationIsVisible = 0;
			defaultConfigurationName = Release;
		};
		04C834C41DF6920C0059AD9F /* Build configuration list for PBXNativeTarget "GDWidgetTests" */ = {
			isa = XCConfigurationList;
			buildConfigurations = (
				04C834C51DF6920C0059AD9F /* Debug */,
				04C834C61DF6920C0059AD9F /* Release */,
			);
			defaultConfigurationIsVisible = 0;
			defaultConfigurationName = Release;
		};
		04C834C71DF6920C0059AD9F /* Build configuration list for PBXNativeTarget "GDWidgetUITests" */ = {
			isa = XCConfigurationList;
			buildConfigurations = (
				04C834C81DF6920C0059AD9F /* Debug */,
				04C834C91DF6920C0059AD9F /* Release */,
			);
			defaultConfigurationIsVisible = 0;
			defaultConfigurationName = Release;
		};
		04C834DF1DF6969B0059AD9F /* Build configuration list for PBXNativeTarget "GDTodayWidget" */ = {
			isa = XCConfigurationList;
			buildConfigurations = (
				04C834E01DF6969B0059AD9F /* Debug */,
				04C834E11DF6969B0059AD9F /* Release */,
			);
			defaultConfigurationIsVisible = 0;
			defaultConfigurationName = Release;
		};
/* End XCConfigurationList section */
	};
	rootObject = 04C8348C1DF6920C0059AD9F /* Project object */;
}
